
Microsoft Visual Studio Solution File, Format Version 12.00
# Visual Studio 15
VisualStudioVersion = 15.0.28307.1062
MinimumVisualStudioVersion = 10.0.40219.1
Project("{FAE04EC0-301F-11D3-BF4B-00C04F79EFBC}") = "Ex03.ConsoleUI", "Ex03.ConsoleUI\Ex03.ConsoleUI.csproj", "{B906F150-8BEE-4DEB-8FB1-775DE1248B59}"
EndProject
Project("{FAE04EC0-301F-11D3-BF4B-00C04F79EFBC}") = "Ex03.GarageLogic", "Ex03.GarageLogic\Ex03.GarageLogic.csproj", "{FBFA8B4D-AB59-4D9B-AE0E-0CC7CA3206EE}"
EndProject
Project("{2150E333-8FDC-42A3-9474-1A3956D46DE8}") = "Solution Items", "Solution Items", "{8156560F-EF1E-4671-9BD0-30BAFC63B96F}"
	ProjectSection(SolutionItems) = preProject
		B20 Ex03 MaorBenMoshe 316041466 YotamIshak 302344098.docx = B20 Ex03 MaorBenMoshe 316041466 YotamIshak 302344098.docx
		README.txt = README.txt
	EndProjectSection
EndProject
Global
	GlobalSection(SolutionConfigurationPlatforms) = preSolution
		Debug|Any CPU = Debug|Any CPU
		Release|Any CPU = Release|Any CPU
	EndGlobalSection
	GlobalSection(ProjectConfigurationPlatforms) = postSolution
		{B906F150-8BEE-4DEB-8FB1-775DE1248B59}.Debug|Any CPU.ActiveCfg = Debug|Any CPU
		{B906F150-8BEE-4DEB-8FB1-775DE1248B59}.Debug|Any CPU.Build.0 = Debug|Any CPU
		{B906F150-8BEE-4DEB-8FB1-775DE1248B59}.Release|Any CPU.ActiveCfg = Release|Any CPU
		{B906F150-8BEE-4DEB-8FB1-775DE1248B59}.Release|Any CPU.Build.0 = Release|Any CPU
		{FBFA8B4D-AB59-4D9B-AE0E-0CC7CA3206EE}.Debug|Any CPU.ActiveCfg = Debug|Any CPU
		{FBFA8B4D-AB59-4D9B-AE0E-0CC7CA3206EE}.Debug|Any CPU.Build.0 = Debug|Any CPU
		{FBFA8B4D-AB59-4D9B-AE0E-0CC7CA3206EE}.Release|Any CPU.ActiveCfg = Release|Any CPU
		{FBFA8B4D-AB59-4D9B-AE0E-0CC7CA3206EE}.Release|Any CPU.Build.0 = Release|Any CPU
	EndGlobalSection
	GlobalSection(SolutionProperties) = preSolution
		HideSolutionNode = FALSE
	EndGlobalSection
	GlobalSection(ExtensibilityGlobals) = postSolution
		SolutionGuid = {3064F49D-D8A0-47DC-8086-AC6C884789CF}
	EndGlobalSection
EndGlobal
